// !$*UTF8*$!
{
	archiveVersion = 1;
	classes = {
	};
	objectVersion = 46;
	objects = {

/* Begin PBXBuildFile section */
		050EC960226A25E30042CC6A /* ISSoundAdditions.m in Sources */ = {isa = PBXBuildFile; fileRef = 050EC95F226A25E30042CC6A /* ISSoundAdditions.m */; };
		050EFCE11EF1160700172269 /* TableViewWCtrl.m in Sources */ = {isa = PBXBuildFile; fileRef = 050EFCE01EF1160700172269 /* TableViewWCtrl.m */; };
		050EFCE41EF12C0900172269 /* Save.png in Resources */ = {isa = PBXBuildFile; fileRef = 050EFCE21EF12C0900172269 /* Save.png */; };
		050EFCE51EF12C0900172269 /* FontSetting.png in Resources */ = {isa = PBXBuildFile; fileRef = 050EFCE31EF12C0900172269 /* FontSetting.png */; };
		051CB458226AF32C00D39671 /* ZBTextFieldCell.m in Sources */ = {isa = PBXBuildFile; fileRef = 051CB457226AF32C00D39671 /* ZBTextFieldCell.m */; };
		051CB45B226B292800D39671 /* ZBSlider.m in Sources */ = {isa = PBXBuildFile; fileRef = 051CB45A226B292800D39671 /* ZBSlider.m */; };
		0522D8311ED587CE00D4671F /* AppDelegate.m in Sources */ = {isa = PBXBuildFile; fileRef = 0522D8301ED587CE00D4671F /* AppDelegate.m */; };
		0522D8341ED587CE00D4671F /* main.m in Sources */ = {isa = PBXBuildFile; fileRef = 0522D8331ED587CE00D4671F /* main.m */; };
		0522D8461ED589FF00D4671F /* MainMenu.xib in Resources */ = {isa = PBXBuildFile; fileRef = 0522D8451ED589FF00D4671F /* MainMenu.xib */; };
		0522D84B1ED58AF700D4671F /* MainWCtrl.xib in Resources */ = {isa = PBXBuildFile; fileRef = 0522D8491ED58AF700D4671F /* MainWCtrl.xib */; };
		052954E41EEA7956005FDDCD /* PopoverViewController.m in Sources */ = {isa = PBXBuildFile; fileRef = 052954E31EEA7956005FDDCD /* PopoverViewController.m */; };
		052954E81EEA7C40005FDDCD /* PopoverVCtrl.m in Sources */ = {isa = PBXBuildFile; fileRef = 052954E61EEA7C40005FDDCD /* PopoverVCtrl.m */; };
		052954E91EEA7C40005FDDCD /* PopoverVCtrl.xib in Resources */ = {isa = PBXBuildFile; fileRef = 052954E71EEA7C40005FDDCD /* PopoverVCtrl.xib */; };
		053B533222599D2D00AA82C6 /* ZBPlayer.m in Sources */ = {isa = PBXBuildFile; fileRef = 053B533122599D2D00AA82C6 /* ZBPlayer.m */; };
		057CA2B7226CA3280004688B /* ZBSliderViewController.m in Sources */ = {isa = PBXBuildFile; fileRef = 057CA2B6226CA3280004688B /* ZBSliderViewController.m */; };
		058940211ED81F74004464E4 /* titleBar.png in Resources */ = {isa = PBXBuildFile; fileRef = 058940201ED81F74004464E4 /* titleBar.png */; };
		05A2DA152056565400B539E4 /* screen.jpg in Resources */ = {isa = PBXBuildFile; fileRef = 05A2DA142056565300B539E4 /* screen.jpg */; };
		05A2DA17205657E500B539E4 /* 松本晃彦 - 栄の活躍.mp3 in Resources */ = {isa = PBXBuildFile; fileRef = 05A2DA16205657E500B539E4 /* 松本晃彦 - 栄の活躍.mp3 */; };
		05A9EFC62268D9D700FF7763 /* VLCKit.framework in Frameworks */ = {isa = PBXBuildFile; fileRef = 05A9EFC52268D9D600FF7763 /* VLCKit.framework */; };
		05A9EFC72268E13600FF7763 /* VLCKit.framework in Frameworks */ = {isa = PBXBuildFile; fileRef = 05A9EFC52268D9D600FF7763 /* VLCKit.framework */; };
		05A9EFC82268E13600FF7763 /* VLCKit.framework in Embed Frameworks */ = {isa = PBXBuildFile; fileRef = 05A9EFC52268D9D600FF7763 /* VLCKit.framework */; settings = {ATTRIBUTES = (CodeSignOnCopy, RemoveHeadersOnCopy, ); }; };
		05B1977F225E507B005CC344 /* Images.xcassets in Resources */ = {isa = PBXBuildFile; fileRef = 05B1977E225E507B005CC344 /* Images.xcassets */; };
		05B5161B1ED6DFC800A3820F /* ZBMacOSObject.m in Sources */ = {isa = PBXBuildFile; fileRef = 05B5161A1ED6DFC800A3820F /* ZBMacOSObject.m */; };
		05B55878202856E1005F7A20 /* NSLayoutConstraint+MASDebugAdditions.m in Sources */ = {isa = PBXBuildFile; fileRef = 05B5585F202856E1005F7A20 /* NSLayoutConstraint+MASDebugAdditions.m */; };
		05B55879202856E1005F7A20 /* ViewController+MASAdditions.m in Sources */ = {isa = PBXBuildFile; fileRef = 05B55868202856E1005F7A20 /* ViewController+MASAdditions.m */; };
		05B5587A202856E1005F7A20 /* MASCompositeConstraint.m in Sources */ = {isa = PBXBuildFile; fileRef = 05B5586C202856E1005F7A20 /* MASCompositeConstraint.m */; };
		05B5587B202856E1005F7A20 /* MASConstraintMaker.m in Sources */ = {isa = PBXBuildFile; fileRef = 05B5586D202856E1005F7A20 /* MASConstraintMaker.m */; };
		05B5587C202856E1005F7A20 /* MASLayoutConstraint.m in Sources */ = {isa = PBXBuildFile; fileRef = 05B5586E202856E1005F7A20 /* MASLayoutConstraint.m */; };
		05B5587D202856E1005F7A20 /* NSArray+MASAdditions.m in Sources */ = {isa = PBXBuildFile; fileRef = 05B5586F202856E1005F7A20 /* NSArray+MASAdditions.m */; };
		05B5587E202856E1005F7A20 /* View+MASAdditions.m in Sources */ = {isa = PBXBuildFile; fileRef = 05B55870202856E1005F7A20 /* View+MASAdditions.m */; };
		05B5587F202856E1005F7A20 /* MASConstraint.m in Sources */ = {isa = PBXBuildFile; fileRef = 05B55873202856E1005F7A20 /* MASConstraint.m */; };
		05B55880202856E1005F7A20 /* MASViewConstraint.m in Sources */ = {isa = PBXBuildFile; fileRef = 05B55875202856E1005F7A20 /* MASViewConstraint.m */; };
		05B55881202856E1005F7A20 /* MASViewAttribute.m in Sources */ = {isa = PBXBuildFile; fileRef = 05B55876202856E1005F7A20 /* MASViewAttribute.m */; };
		05B55882202856E1005F7A20 /* Info.plist in Resources */ = {isa = PBXBuildFile; fileRef = 05B55877202856E1005F7A20 /* Info.plist */; };
		05B55885202AF66D005F7A20 /* BSTableRowView.m in Sources */ = {isa = PBXBuildFile; fileRef = 05B55884202AF66D005F7A20 /* BSTableRowView.m */; };
		05B55888202AF7A1005F7A20 /* BSTableCellView.m in Sources */ = {isa = PBXBuildFile; fileRef = 05B55887202AF7A1005F7A20 /* BSTableCellView.m */; };
		05BCD48720577FF500068210 /* OutlineWCtrl.m in Sources */ = {isa = PBXBuildFile; fileRef = 05BCD48620577FF500068210 /* OutlineWCtrl.m */; };
		05BCD48C2058FE5400068210 /* OutlineTableRowView.m in Sources */ = {isa = PBXBuildFile; fileRef = 05BCD48B2058FE5400068210 /* OutlineTableRowView.m */; };
		05BCD48F2059237000068210 /* TreeNodeModel.m in Sources */ = {isa = PBXBuildFile; fileRef = 05BCD48E2059237000068210 /* TreeNodeModel.m */; };
		05BCD492205926E600068210 /* OutlineTableRowView2.m in Sources */ = {isa = PBXBuildFile; fileRef = 05BCD491205926E600068210 /* OutlineTableRowView2.m */; };
		05BCD495205A58A000068210 /* arrow_gray_down.png in Resources */ = {isa = PBXBuildFile; fileRef = 05BCD493205A589F00068210 /* arrow_gray_down.png */; };
		05BCD496205A58A000068210 /* arrow_gray_right.png in Resources */ = {isa = PBXBuildFile; fileRef = 05BCD494205A589F00068210 /* arrow_gray_right.png */; };
		05BCD499205BAA5200068210 /* OutlineIndexModel.m in Sources */ = {isa = PBXBuildFile; fileRef = 05BCD498205BAA5200068210 /* OutlineIndexModel.m */; };
		05C720721EE6A9270076DC50 /* MainWCtrl.m in Sources */ = {isa = PBXBuildFile; fileRef = 0522D8481ED58AF700D4671F /* MainWCtrl.m */; };
		05D904151EE017A700239BB7 /* docx.png in Resources */ = {isa = PBXBuildFile; fileRef = 05D904141EE017A700239BB7 /* docx.png */; };
		05ECA6F5225D5DC5005648FF /* ZBAudioModel.m in Sources */ = {isa = PBXBuildFile; fileRef = 05ECA6F4225D5DC5005648FF /* ZBAudioModel.m */; };
		05EFBBFA225A44E5003F58A4 /* ZBPlayerSection.m in Sources */ = {isa = PBXBuildFile; fileRef = 05EFBBF9225A44E5003F58A4 /* ZBPlayerSection.m */; };
		05EFBBFD225A4509003F58A4 /* ZBPlayerRow.m in Sources */ = {isa = PBXBuildFile; fileRef = 05EFBBFC225A4509003F58A4 /* ZBPlayerRow.m */; };
		05F55C6822661BEB003F4CE5 /* ZBPlayerSplitView.m in Sources */ = {isa = PBXBuildFile; fileRef = 05F55C6722661BEB003F4CE5 /* ZBPlayerSplitView.m */; };
/* End PBXBuildFile section */

/* Begin PBXCopyFilesBuildPhase section */
		05A9EFC92268E13600FF7763 /* Embed Frameworks */ = {
			isa = PBXCopyFilesBuildPhase;
			buildActionMask = 2147483647;
			dstPath = "";
			dstSubfolderSpec = 10;
			files = (
				05A9EFC82268E13600FF7763 /* VLCKit.framework in Embed Frameworks */,
			);
			name = "Embed Frameworks";
			runOnlyForDeploymentPostprocessing = 0;
		};
/* End PBXCopyFilesBuildPhase section */

/* Begin PBXFileReference section */
		050EC95E226A25E30042CC6A /* ISSoundAdditions.h */ = {isa = PBXFileReference; fileEncoding = 4; lastKnownFileType = sourcecode.c.h; path = ISSoundAdditions.h; sourceTree = "<group>"; };
		050EC95F226A25E30042CC6A /* ISSoundAdditions.m */ = {isa = PBXFileReference; fileEncoding = 4; lastKnownFileType = sourcecode.c.objc; path = ISSoundAdditions.m; sourceTree = "<group>"; };
		050EFCDF1EF1160700172269 /* TableViewWCtrl.h */ = {isa = PBXFileReference; fileEncoding = 4; lastKnownFileType = sourcecode.c.h; path = TableViewWCtrl.h; sourceTree = "<group>"; };
		050EFCE01EF1160700172269 /* TableViewWCtrl.m */ = {isa = PBXFileReference; fileEncoding = 4; lastKnownFileType = sourcecode.c.objc; path = TableViewWCtrl.m; sourceTree = "<group>"; };
		050EFCE21EF12C0900172269 /* Save.png */ = {isa = PBXFileReference; lastKnownFileType = image.png; path = Save.png; sourceTree = "<group>"; };
		050EFCE31EF12C0900172269 /* FontSetting.png */ = {isa = PBXFileReference; lastKnownFileType = image.png; path = FontSetting.png; sourceTree = "<group>"; };
		051CB456226AF32C00D39671 /* ZBTextFieldCell.h */ = {isa = PBXFileReference; lastKnownFileType = sourcecode.c.h; path = ZBTextFieldCell.h; sourceTree = "<group>"; };
		051CB457226AF32C00D39671 /* ZBTextFieldCell.m */ = {isa = PBXFileReference; lastKnownFileType = sourcecode.c.objc; path = ZBTextFieldCell.m; sourceTree = "<group>"; };
		051CB459226B292800D39671 /* ZBSlider.h */ = {isa = PBXFileReference; lastKnownFileType = sourcecode.c.h; path = ZBSlider.h; sourceTree = "<group>"; };
		051CB45A226B292800D39671 /* ZBSlider.m */ = {isa = PBXFileReference; lastKnownFileType = sourcecode.c.objc; path = ZBSlider.m; sourceTree = "<group>"; };
		0522D82C1ED587CE00D4671F /* OSX.app */ = {isa = PBXFileReference; explicitFileType = wrapper.application; includeInIndex = 0; path = OSX.app; sourceTree = BUILT_PRODUCTS_DIR; };
		0522D82F1ED587CE00D4671F /* AppDelegate.h */ = {isa = PBXFileReference; lastKnownFileType = sourcecode.c.h; path = AppDelegate.h; sourceTree = "<group>"; };
		0522D8301ED587CE00D4671F /* AppDelegate.m */ = {isa = PBXFileReference; lastKnownFileType = sourcecode.c.objc; path = AppDelegate.m; sourceTree = "<group>"; };
		0522D8331ED587CE00D4671F /* main.m */ = {isa = PBXFileReference; lastKnownFileType = sourcecode.c.objc; path = main.m; sourceTree = "<group>"; };
		0522D83D1ED587CF00D4671F /* Info.plist */ = {isa = PBXFileReference; lastKnownFileType = text.plist.xml; path = Info.plist; sourceTree = "<group>"; };
		0522D8451ED589FF00D4671F /* MainMenu.xib */ = {isa = PBXFileReference; fileEncoding = 4; lastKnownFileType = file.xib; path = MainMenu.xib; sourceTree = "<group>"; };
		0522D8471ED58AF700D4671F /* MainWCtrl.h */ = {isa = PBXFileReference; fileEncoding = 4; lastKnownFileType = sourcecode.c.h; path = MainWCtrl.h; sourceTree = "<group>"; };
		0522D8481ED58AF700D4671F /* MainWCtrl.m */ = {isa = PBXFileReference; fileEncoding = 4; lastKnownFileType = sourcecode.c.objc; path = MainWCtrl.m; sourceTree = "<group>"; };
		0522D8491ED58AF700D4671F /* MainWCtrl.xib */ = {isa = PBXFileReference; fileEncoding = 4; lastKnownFileType = file.xib; path = MainWCtrl.xib; sourceTree = "<group>"; };
		052954E21EEA7956005FDDCD /* PopoverViewController.h */ = {isa = PBXFileReference; fileEncoding = 4; lastKnownFileType = sourcecode.c.h; path = PopoverViewController.h; sourceTree = "<group>"; };
		052954E31EEA7956005FDDCD /* PopoverViewController.m */ = {isa = PBXFileReference; fileEncoding = 4; lastKnownFileType = sourcecode.c.objc; path = PopoverViewController.m; sourceTree = "<group>"; };
		052954E51EEA7C40005FDDCD /* PopoverVCtrl.h */ = {isa = PBXFileReference; fileEncoding = 4; lastKnownFileType = sourcecode.c.h; path = PopoverVCtrl.h; sourceTree = "<group>"; };
		052954E61EEA7C40005FDDCD /* PopoverVCtrl.m */ = {isa = PBXFileReference; fileEncoding = 4; lastKnownFileType = sourcecode.c.objc; path = PopoverVCtrl.m; sourceTree = "<group>"; };
		052954E71EEA7C40005FDDCD /* PopoverVCtrl.xib */ = {isa = PBXFileReference; fileEncoding = 4; lastKnownFileType = file.xib; path = PopoverVCtrl.xib; sourceTree = "<group>"; };
		053B533022599D2D00AA82C6 /* ZBPlayer.h */ = {isa = PBXFileReference; lastKnownFileType = sourcecode.c.h; path = ZBPlayer.h; sourceTree = "<group>"; };
		053B533122599D2D00AA82C6 /* ZBPlayer.m */ = {isa = PBXFileReference; lastKnownFileType = sourcecode.c.objc; path = ZBPlayer.m; sourceTree = "<group>"; };
		057CA2B5226CA3280004688B /* ZBSliderViewController.h */ = {isa = PBXFileReference; lastKnownFileType = sourcecode.c.h; path = ZBSliderViewController.h; sourceTree = "<group>"; };
		057CA2B6226CA3280004688B /* ZBSliderViewController.m */ = {isa = PBXFileReference; lastKnownFileType = sourcecode.c.objc; path = ZBSliderViewController.m; sourceTree = "<group>"; };
		058940201ED81F74004464E4 /* titleBar.png */ = {isa = PBXFileReference; lastKnownFileType = image.png; path = titleBar.png; sourceTree = "<group>"; };
		05A2DA142056565300B539E4 /* screen.jpg */ = {isa = PBXFileReference; lastKnownFileType = image.jpeg; path = screen.jpg; sourceTree = "<group>"; };
		05A2DA16205657E500B539E4 /* 松本晃彦 - 栄の活躍.mp3 */ = {isa = PBXFileReference; lastKnownFileType = audio.mp3; path = "松本晃彦 - 栄の活躍.mp3"; sourceTree = "<group>"; };
		05A9EFC52268D9D600FF7763 /* VLCKit.framework */ = {isa = PBXFileReference; lastKnownFileType = wrapper.framework; path = VLCKit.framework; sourceTree = "<group>"; };
		05B1977E225E507B005CC344 /* Images.xcassets */ = {isa = PBXFileReference; lastKnownFileType = folder.assetcatalog; path = Images.xcassets; sourceTree = "<group>"; };
		05B516121ED67F2500A3820F /* OSX.entitlements */ = {isa = PBXFileReference; lastKnownFileType = text.plist.entitlements; path = OSX.entitlements; sourceTree = "<group>"; };
		05B516191ED6DFC800A3820F /* ZBMacOSObject.h */ = {isa = PBXFileReference; fileEncoding = 4; lastKnownFileType = sourcecode.c.h; path = ZBMacOSObject.h; sourceTree = "<group>"; };
		05B5161A1ED6DFC800A3820F /* ZBMacOSObject.m */ = {isa = PBXFileReference; fileEncoding = 4; lastKnownFileType = sourcecode.c.objc; path = ZBMacOSObject.m; sourceTree = "<group>"; };
		05B5585E202856E1005F7A20 /* MASCompositeConstraint.h */ = {isa = PBXFileReference; fileEncoding = 4; lastKnownFileType = sourcecode.c.h; path = MASCompositeConstraint.h; sourceTree = "<group>"; };
		05B5585F202856E1005F7A20 /* NSLayoutConstraint+MASDebugAdditions.m */ = {isa = PBXFileReference; fileEncoding = 4; lastKnownFileType = sourcecode.c.objc; path = "NSLayoutConstraint+MASDebugAdditions.m"; sourceTree = "<group>"; };
		05B55860202856E1005F7A20 /* MASConstraint+Private.h */ = {isa = PBXFileReference; fileEncoding = 4; lastKnownFileType = sourcecode.c.h; path = "MASConstraint+Private.h"; sourceTree = "<group>"; };
		05B55861202856E1005F7A20 /* MASLayoutConstraint.h */ = {isa = PBXFileReference; fileEncoding = 4; lastKnownFileType = sourcecode.c.h; path = MASLayoutConstraint.h; sourceTree = "<group>"; };
		05B55862202856E1005F7A20 /* NSArray+MASShorthandAdditions.h */ = {isa = PBXFileReference; fileEncoding = 4; lastKnownFileType = sourcecode.c.h; path = "NSArray+MASShorthandAdditions.h"; sourceTree = "<group>"; };
		05B55863202856E1005F7A20 /* MASConstraintMaker.h */ = {isa = PBXFileReference; fileEncoding = 4; lastKnownFileType = sourcecode.c.h; path = MASConstraintMaker.h; sourceTree = "<group>"; };
		05B55864202856E1005F7A20 /* View+MASAdditions.h */ = {isa = PBXFileReference; fileEncoding = 4; lastKnownFileType = sourcecode.c.h; path = "View+MASAdditions.h"; sourceTree = "<group>"; };
		05B55865202856E1005F7A20 /* NSArray+MASAdditions.h */ = {isa = PBXFileReference; fileEncoding = 4; lastKnownFileType = sourcecode.c.h; path = "NSArray+MASAdditions.h"; sourceTree = "<group>"; };
		05B55866202856E1005F7A20 /* MASUtilities.h */ = {isa = PBXFileReference; fileEncoding = 4; lastKnownFileType = sourcecode.c.h; path = MASUtilities.h; sourceTree = "<group>"; };
		05B55867202856E1005F7A20 /* MASViewAttribute.h */ = {isa = PBXFileReference; fileEncoding = 4; lastKnownFileType = sourcecode.c.h; path = MASViewAttribute.h; sourceTree = "<group>"; };
		05B55868202856E1005F7A20 /* ViewController+MASAdditions.m */ = {isa = PBXFileReference; fileEncoding = 4; lastKnownFileType = sourcecode.c.objc; path = "ViewController+MASAdditions.m"; sourceTree = "<group>"; };
		05B55869202856E1005F7A20 /* MASViewConstraint.h */ = {isa = PBXFileReference; fileEncoding = 4; lastKnownFileType = sourcecode.c.h; path = MASViewConstraint.h; sourceTree = "<group>"; };
		05B5586A202856E1005F7A20 /* MASConstraint.h */ = {isa = PBXFileReference; fileEncoding = 4; lastKnownFileType = sourcecode.c.h; path = MASConstraint.h; sourceTree = "<group>"; };
		05B5586B202856E1005F7A20 /* NSLayoutConstraint+MASDebugAdditions.h */ = {isa = PBXFileReference; fileEncoding = 4; lastKnownFileType = sourcecode.c.h; path = "NSLayoutConstraint+MASDebugAdditions.h"; sourceTree = "<group>"; };
		05B5586C202856E1005F7A20 /* MASCompositeConstraint.m */ = {isa = PBXFileReference; fileEncoding = 4; lastKnownFileType = sourcecode.c.objc; path = MASCompositeConstraint.m; sourceTree = "<group>"; };
		05B5586D202856E1005F7A20 /* MASConstraintMaker.m */ = {isa = PBXFileReference; fileEncoding = 4; lastKnownFileType = sourcecode.c.objc; path = MASConstraintMaker.m; sourceTree = "<group>"; };
		05B5586E202856E1005F7A20 /* MASLayoutConstraint.m */ = {isa = PBXFileReference; fileEncoding = 4; lastKnownFileType = sourcecode.c.objc; path = MASLayoutConstraint.m; sourceTree = "<group>"; };
		05B5586F202856E1005F7A20 /* NSArray+MASAdditions.m */ = {isa = PBXFileReference; fileEncoding = 4; lastKnownFileType = sourcecode.c.objc; path = "NSArray+MASAdditions.m"; sourceTree = "<group>"; };
		05B55870202856E1005F7A20 /* View+MASAdditions.m */ = {isa = PBXFileReference; fileEncoding = 4; lastKnownFileType = sourcecode.c.objc; path = "View+MASAdditions.m"; sourceTree = "<group>"; };
		05B55871202856E1005F7A20 /* View+MASShorthandAdditions.h */ = {isa = PBXFileReference; fileEncoding = 4; lastKnownFileType = sourcecode.c.h; path = "View+MASShorthandAdditions.h"; sourceTree = "<group>"; };
		05B55872202856E1005F7A20 /* Masonry.h */ = {isa = PBXFileReference; fileEncoding = 4; lastKnownFileType = sourcecode.c.h; path = Masonry.h; sourceTree = "<group>"; };
		05B55873202856E1005F7A20 /* MASConstraint.m */ = {isa = PBXFileReference; fileEncoding = 4; lastKnownFileType = sourcecode.c.objc; path = MASConstraint.m; sourceTree = "<group>"; };
		05B55874202856E1005F7A20 /* ViewController+MASAdditions.h */ = {isa = PBXFileReference; fileEncoding = 4; lastKnownFileType = sourcecode.c.h; path = "ViewController+MASAdditions.h"; sourceTree = "<group>"; };
		05B55875202856E1005F7A20 /* MASViewConstraint.m */ = {isa = PBXFileReference; fileEncoding = 4; lastKnownFileType = sourcecode.c.objc; path = MASViewConstraint.m; sourceTree = "<group>"; };
		05B55876202856E1005F7A20 /* MASViewAttribute.m */ = {isa = PBXFileReference; fileEncoding = 4; lastKnownFileType = sourcecode.c.objc; path = MASViewAttribute.m; sourceTree = "<group>"; };
		05B55877202856E1005F7A20 /* Info.plist */ = {isa = PBXFileReference; fileEncoding = 4; lastKnownFileType = text.plist.xml; path = Info.plist; sourceTree = "<group>"; };
		05B55883202AF66D005F7A20 /* BSTableRowView.h */ = {isa = PBXFileReference; lastKnownFileType = sourcecode.c.h; path = BSTableRowView.h; sourceTree = "<group>"; };
		05B55884202AF66D005F7A20 /* BSTableRowView.m */ = {isa = PBXFileReference; lastKnownFileType = sourcecode.c.objc; path = BSTableRowView.m; sourceTree = "<group>"; };
		05B55886202AF7A1005F7A20 /* BSTableCellView.h */ = {isa = PBXFileReference; lastKnownFileType = sourcecode.c.h; path = BSTableCellView.h; sourceTree = "<group>"; };
		05B55887202AF7A1005F7A20 /* BSTableCellView.m */ = {isa = PBXFileReference; lastKnownFileType = sourcecode.c.objc; path = BSTableCellView.m; sourceTree = "<group>"; };
		05BCD48520577FF500068210 /* OutlineWCtrl.h */ = {isa = PBXFileReference; lastKnownFileType = sourcecode.c.h; path = OutlineWCtrl.h; sourceTree = "<group>"; };
		05BCD48620577FF500068210 /* OutlineWCtrl.m */ = {isa = PBXFileReference; lastKnownFileType = sourcecode.c.objc; path = OutlineWCtrl.m; sourceTree = "<group>"; };
		05BCD48A2058FE5400068210 /* OutlineTableRowView.h */ = {isa = PBXFileReference; lastKnownFileType = sourcecode.c.h; path = OutlineTableRowView.h; sourceTree = "<group>"; };
		05BCD48B2058FE5400068210 /* OutlineTableRowView.m */ = {isa = PBXFileReference; lastKnownFileType = sourcecode.c.objc; path = OutlineTableRowView.m; sourceTree = "<group>"; };
		05BCD48D2059237000068210 /* TreeNodeModel.h */ = {isa = PBXFileReference; lastKnownFileType = sourcecode.c.h; path = TreeNodeModel.h; sourceTree = "<group>"; };
		05BCD48E2059237000068210 /* TreeNodeModel.m */ = {isa = PBXFileReference; lastKnownFileType = sourcecode.c.objc; path = TreeNodeModel.m; sourceTree = "<group>"; };
		05BCD490205926E600068210 /* OutlineTableRowView2.h */ = {isa = PBXFileReference; lastKnownFileType = sourcecode.c.h; path = OutlineTableRowView2.h; sourceTree = "<group>"; };
		05BCD491205926E600068210 /* OutlineTableRowView2.m */ = {isa = PBXFileReference; lastKnownFileType = sourcecode.c.objc; path = OutlineTableRowView2.m; sourceTree = "<group>"; };
		05BCD493205A589F00068210 /* arrow_gray_down.png */ = {isa = PBXFileReference; lastKnownFileType = image.png; path = arrow_gray_down.png; sourceTree = "<group>"; };
		05BCD494205A589F00068210 /* arrow_gray_right.png */ = {isa = PBXFileReference; lastKnownFileType = image.png; path = arrow_gray_right.png; sourceTree = "<group>"; };
		05BCD497205BAA5200068210 /* OutlineIndexModel.h */ = {isa = PBXFileReference; lastKnownFileType = sourcecode.c.h; path = OutlineIndexModel.h; sourceTree = "<group>"; };
		05BCD498205BAA5200068210 /* OutlineIndexModel.m */ = {isa = PBXFileReference; lastKnownFileType = sourcecode.c.objc; path = OutlineIndexModel.m; sourceTree = "<group>"; };
		05D904141EE017A700239BB7 /* docx.png */ = {isa = PBXFileReference; lastKnownFileType = image.png; path = docx.png; sourceTree = "<group>"; };
		05ECA6F3225D5DC5005648FF /* ZBAudioModel.h */ = {isa = PBXFileReference; lastKnownFileType = sourcecode.c.h; path = ZBAudioModel.h; sourceTree = "<group>"; };
		05ECA6F4225D5DC5005648FF /* ZBAudioModel.m */ = {isa = PBXFileReference; lastKnownFileType = sourcecode.c.objc; path = ZBAudioModel.m; sourceTree = "<group>"; };
		05EFBBF8225A44E5003F58A4 /* ZBPlayerSection.h */ = {isa = PBXFileReference; lastKnownFileType = sourcecode.c.h; path = ZBPlayerSection.h; sourceTree = "<group>"; };
		05EFBBF9225A44E5003F58A4 /* ZBPlayerSection.m */ = {isa = PBXFileReference; lastKnownFileType = sourcecode.c.objc; path = ZBPlayerSection.m; sourceTree = "<group>"; };
		05EFBBFB225A4509003F58A4 /* ZBPlayerRow.h */ = {isa = PBXFileReference; lastKnownFileType = sourcecode.c.h; path = ZBPlayerRow.h; sourceTree = "<group>"; };
		05EFBBFC225A4509003F58A4 /* ZBPlayerRow.m */ = {isa = PBXFileReference; lastKnownFileType = sourcecode.c.objc; path = ZBPlayerRow.m; sourceTree = "<group>"; };
		05F55C6622661BEB003F4CE5 /* ZBPlayerSplitView.h */ = {isa = PBXFileReference; lastKnownFileType = sourcecode.c.h; path = ZBPlayerSplitView.h; sourceTree = "<group>"; };
		05F55C6722661BEB003F4CE5 /* ZBPlayerSplitView.m */ = {isa = PBXFileReference; lastKnownFileType = sourcecode.c.objc; path = ZBPlayerSplitView.m; sourceTree = "<group>"; };
/* End PBXFileReference section */

/* Begin PBXFrameworksBuildPhase section */
		0522D8291ED587CE00D4671F /* Frameworks */ = {
			isa = PBXFrameworksBuildPhase;
			buildActionMask = 2147483647;
			files = (
				05A9EFC62268D9D700FF7763 /* VLCKit.framework in Frameworks */,
				05A9EFC72268E13600FF7763 /* VLCKit.framework in Frameworks */,
			);
			runOnlyForDeploymentPostprocessing = 0;
		};
/* End PBXFrameworksBuildPhase section */

/* Begin PBXGroup section */
		050EC95D226A25E30042CC6A /* ISSoundAdditions */ = {
			isa = PBXGroup;
			children = (
				050EC95E226A25E30042CC6A /* ISSoundAdditions.h */,
				050EC95F226A25E30042CC6A /* ISSoundAdditions.m */,
			);
			path = ISSoundAdditions;
			sourceTree = "<group>";
		};
		0522D8231ED587CE00D4671F = {
			isa = PBXGroup;
			children = (
				0522D82E1ED587CE00D4671F /* OSX */,
				0522D82D1ED587CE00D4671F /* Products */,
			);
			sourceTree = "<group>";
		};
		0522D82D1ED587CE00D4671F /* Products */ = {
			isa = PBXGroup;
			children = (
				0522D82C1ED587CE00D4671F /* OSX.app */,
			);
			name = Products;
			sourceTree = "<group>";
		};
		0522D82E1ED587CE00D4671F /* OSX */ = {
			isa = PBXGroup;
			children = (
				050EC95D226A25E30042CC6A /* ISSoundAdditions */,
				05B5585D202856E1005F7A20 /* Masonry */,
				0589401B1ED81F36004464E4 /* images */,
				05B516121ED67F2500A3820F /* OSX.entitlements */,
				05B516131ED6DF7900A3820F /* object */,
				0522D82F1ED587CE00D4671F /* AppDelegate.h */,
				0522D8301ED587CE00D4671F /* AppDelegate.m */,
				0522D8451ED589FF00D4671F /* MainMenu.xib */,
				0522D8471ED58AF700D4671F /* MainWCtrl.h */,
				0522D8481ED58AF700D4671F /* MainWCtrl.m */,
				0522D8491ED58AF700D4671F /* MainWCtrl.xib */,
				052954E21EEA7956005FDDCD /* PopoverViewController.h */,
				052954E31EEA7956005FDDCD /* PopoverViewController.m */,
				052954E51EEA7C40005FDDCD /* PopoverVCtrl.h */,
				052954E61EEA7C40005FDDCD /* PopoverVCtrl.m */,
				052954E71EEA7C40005FDDCD /* PopoverVCtrl.xib */,
				053B532F22599CD200AA82C6 /* 播放器 */,
				05BCD4892058FC4300068210 /* OutlineWCtrl */,
				05BCD4882058FC0800068210 /* TableViewWC */,
				0522D83D1ED587CF00D4671F /* Info.plist */,
				05B1977E225E507B005CC344 /* Images.xcassets */,
				05A9EFC52268D9D600FF7763 /* VLCKit.framework */,
				0522D8321ED587CE00D4671F /* Supporting Files */,
			);
			path = OSX;
			sourceTree = "<group>";
		};
		0522D8321ED587CE00D4671F /* Supporting Files */ = {
			isa = PBXGroup;
			children = (
				0522D8331ED587CE00D4671F /* main.m */,
			);
			name = "Supporting Files";
			sourceTree = "<group>";
		};
		053B532F22599CD200AA82C6 /* 播放器 */ = {
			isa = PBXGroup;
			children = (
				053B533022599D2D00AA82C6 /* ZBPlayer.h */,
				053B533122599D2D00AA82C6 /* ZBPlayer.m */,
				05EFBBF8225A44E5003F58A4 /* ZBPlayerSection.h */,
				05EFBBF9225A44E5003F58A4 /* ZBPlayerSection.m */,
				05EFBBFB225A4509003F58A4 /* ZBPlayerRow.h */,
				05EFBBFC225A4509003F58A4 /* ZBPlayerRow.m */,
				05ECA6F3225D5DC5005648FF /* ZBAudioModel.h */,
				05ECA6F4225D5DC5005648FF /* ZBAudioModel.m */,
				05F55C6622661BEB003F4CE5 /* ZBPlayerSplitView.h */,
				05F55C6722661BEB003F4CE5 /* ZBPlayerSplitView.m */,
				057CA2B5226CA3280004688B /* ZBSliderViewController.h */,
				057CA2B6226CA3280004688B /* ZBSliderViewController.m */,
			);
			path = "播放器";
			sourceTree = "<group>";
		};
		0589401B1ED81F36004464E4 /* images */ = {
			isa = PBXGroup;
			children = (
				05A2DA16205657E500B539E4 /* 松本晃彦 - 栄の活躍.mp3 */,
				05BCD493205A589F00068210 /* arrow_gray_down.png */,
				05BCD494205A589F00068210 /* arrow_gray_right.png */,
				05A2DA142056565300B539E4 /* screen.jpg */,
				050EFCE21EF12C0900172269 /* Save.png */,
				050EFCE31EF12C0900172269 /* FontSetting.png */,
				058940201ED81F74004464E4 /* titleBar.png */,
				05D904141EE017A700239BB7 /* docx.png */,
			);
			name = images;
			sourceTree = "<group>";
		};
		05B516131ED6DF7900A3820F /* object */ = {
			isa = PBXGroup;
			children = (
				05B516191ED6DFC800A3820F /* ZBMacOSObject.h */,
				05B5161A1ED6DFC800A3820F /* ZBMacOSObject.m */,
				051CB456226AF32C00D39671 /* ZBTextFieldCell.h */,
				051CB457226AF32C00D39671 /* ZBTextFieldCell.m */,
				051CB459226B292800D39671 /* ZBSlider.h */,
				051CB45A226B292800D39671 /* ZBSlider.m */,
			);
			path = object;
			sourceTree = "<group>";
		};
		05B5585D202856E1005F7A20 /* Masonry */ = {
			isa = PBXGroup;
			children = (
				05B5585E202856E1005F7A20 /* MASCompositeConstraint.h */,
				05B5585F202856E1005F7A20 /* NSLayoutConstraint+MASDebugAdditions.m */,
				05B55860202856E1005F7A20 /* MASConstraint+Private.h */,
				05B55861202856E1005F7A20 /* MASLayoutConstraint.h */,
				05B55862202856E1005F7A20 /* NSArray+MASShorthandAdditions.h */,
				05B55863202856E1005F7A20 /* MASConstraintMaker.h */,
				05B55864202856E1005F7A20 /* View+MASAdditions.h */,
				05B55865202856E1005F7A20 /* NSArray+MASAdditions.h */,
				05B55866202856E1005F7A20 /* MASUtilities.h */,
				05B55867202856E1005F7A20 /* MASViewAttribute.h */,
				05B55868202856E1005F7A20 /* ViewController+MASAdditions.m */,
				05B55869202856E1005F7A20 /* MASViewConstraint.h */,
				05B5586A202856E1005F7A20 /* MASConstraint.h */,
				05B5586B202856E1005F7A20 /* NSLayoutConstraint+MASDebugAdditions.h */,
				05B5586C202856E1005F7A20 /* MASCompositeConstraint.m */,
				05B5586D202856E1005F7A20 /* MASConstraintMaker.m */,
				05B5586E202856E1005F7A20 /* MASLayoutConstraint.m */,
				05B5586F202856E1005F7A20 /* NSArray+MASAdditions.m */,
				05B55870202856E1005F7A20 /* View+MASAdditions.m */,
				05B55871202856E1005F7A20 /* View+MASShorthandAdditions.h */,
				05B55872202856E1005F7A20 /* Masonry.h */,
				05B55873202856E1005F7A20 /* MASConstraint.m */,
				05B55874202856E1005F7A20 /* ViewController+MASAdditions.h */,
				05B55875202856E1005F7A20 /* MASViewConstraint.m */,
				05B55876202856E1005F7A20 /* MASViewAttribute.m */,
				05B55877202856E1005F7A20 /* Info.plist */,
			);
			path = Masonry;
			sourceTree = "<group>";
		};
		05BCD4882058FC0800068210 /* TableViewWC */ = {
			isa = PBXGroup;
			children = (
				050EFCDF1EF1160700172269 /* TableViewWCtrl.h */,
				050EFCE01EF1160700172269 /* TableViewWCtrl.m */,
				05B55883202AF66D005F7A20 /* BSTableRowView.h */,
				05B55884202AF66D005F7A20 /* BSTableRowView.m */,
				05B55886202AF7A1005F7A20 /* BSTableCellView.h */,
				05B55887202AF7A1005F7A20 /* BSTableCellView.m */,
			);
			path = TableViewWC;
			sourceTree = "<group>";
		};
		05BCD4892058FC4300068210 /* OutlineWCtrl */ = {
			isa = PBXGroup;
			children = (
				05BCD48520577FF500068210 /* OutlineWCtrl.h */,
				05BCD48620577FF500068210 /* OutlineWCtrl.m */,
				05BCD48D2059237000068210 /* TreeNodeModel.h */,
				05BCD48E2059237000068210 /* TreeNodeModel.m */,
				05BCD48A2058FE5400068210 /* OutlineTableRowView.h */,
				05BCD48B2058FE5400068210 /* OutlineTableRowView.m */,
				05BCD490205926E600068210 /* OutlineTableRowView2.h */,
				05BCD491205926E600068210 /* OutlineTableRowView2.m */,
				05BCD497205BAA5200068210 /* OutlineIndexModel.h */,
				05BCD498205BAA5200068210 /* OutlineIndexModel.m */,
			);
			path = OutlineWCtrl;
			sourceTree = "<group>";
		};
/* End PBXGroup section */

/* Begin PBXNativeTarget section */
		0522D82B1ED587CE00D4671F /* OSX */ = {
			isa = PBXNativeTarget;
			buildConfigurationList = 0522D8401ED587CF00D4671F /* Build configuration list for PBXNativeTarget "OSX" */;
			buildPhases = (
				0522D8281ED587CE00D4671F /* Sources */,
				0522D8291ED587CE00D4671F /* Frameworks */,
				0522D82A1ED587CE00D4671F /* Resources */,
				05A9EFC92268E13600FF7763 /* Embed Frameworks */,
			);
			buildRules = (
			);
			dependencies = (
			);
			name = OSX;
			productName = OSX;
			productReference = 0522D82C1ED587CE00D4671F /* OSX.app */;
			productType = "com.apple.product-type.application";
		};
/* End PBXNativeTarget section */

/* Begin PBXProject section */
		0522D8241ED587CE00D4671F /* Project object */ = {
			isa = PBXProject;
			attributes = {
				LastUpgradeCheck = 0830;
				ORGANIZATIONNAME = "李振彪";
				TargetAttributes = {
					0522D82B1ED587CE00D4671F = {
						CreatedOnToolsVersion = 8.3.2;
						ProvisioningStyle = Automatic;
						SystemCapabilities = {
							com.apple.Sandbox = {
								enabled = 1;
							};
						};
					};
				};
			};
			buildConfigurationList = 0522D8271ED587CE00D4671F /* Build configuration list for PBXProject "OSX" */;
			compatibilityVersion = "Xcode 3.2";
			developmentRegion = en;
			hasScannedForEncodings = 0;
			knownRegions = (
				en,
				Base,
			);
			mainGroup = 0522D8231ED587CE00D4671F;
			productRefGroup = 0522D82D1ED587CE00D4671F /* Products */;
			projectDirPath = "";
			projectRoot = "";
			targets = (
				0522D82B1ED587CE00D4671F /* OSX */,
			);
		};
/* End PBXProject section */

/* Begin PBXResourcesBuildPhase section */
		0522D82A1ED587CE00D4671F /* Resources */ = {
			isa = PBXResourcesBuildPhase;
			buildActionMask = 2147483647;
			files = (
				05BCD496205A58A000068210 /* arrow_gray_right.png in Resources */,
				050EFCE51EF12C0900172269 /* FontSetting.png in Resources */,
				058940211ED81F74004464E4 /* titleBar.png in Resources */,
				05A2DA17205657E500B539E4 /* 松本晃彦 - 栄の活躍.mp3 in Resources */,
				050EFCE41EF12C0900172269 /* Save.png in Resources */,
				05A2DA152056565400B539E4 /* screen.jpg in Resources */,
				05BCD495205A58A000068210 /* arrow_gray_down.png in Resources */,
				0522D8461ED589FF00D4671F /* MainMenu.xib in Resources */,
				05B1977F225E507B005CC344 /* Images.xcassets in Resources */,
				052954E91EEA7C40005FDDCD /* PopoverVCtrl.xib in Resources */,
				0522D84B1ED58AF700D4671F /* MainWCtrl.xib in Resources */,
				05B55882202856E1005F7A20 /* Info.plist in Resources */,
				05D904151EE017A700239BB7 /* docx.png in Resources */,
			);
			runOnlyForDeploymentPostprocessing = 0;
		};
/* End PBXResourcesBuildPhase section */

/* Begin PBXSourcesBuildPhase section */
		0522D8281ED587CE00D4671F /* Sources */ = {
			isa = PBXSourcesBuildPhase;
			buildActionMask = 2147483647;
			files = (
				05ECA6F5225D5DC5005648FF /* ZBAudioModel.m in Sources */,
				05B5587F202856E1005F7A20 /* MASConstraint.m in Sources */,
				05B5587D202856E1005F7A20 /* NSArray+MASAdditions.m in Sources */,
				051CB458226AF32C00D39671 /* ZBTextFieldCell.m in Sources */,
				051CB45B226B292800D39671 /* ZBSlider.m in Sources */,
				050EFCE11EF1160700172269 /* TableViewWCtrl.m in Sources */,
				05B5161B1ED6DFC800A3820F /* ZBMacOSObject.m in Sources */,
				05B55878202856E1005F7A20 /* NSLayoutConstraint+MASDebugAdditions.m in Sources */,
				05B55881202856E1005F7A20 /* MASViewAttribute.m in Sources */,
				05BCD492205926E600068210 /* OutlineTableRowView2.m in Sources */,
				052954E81EEA7C40005FDDCD /* PopoverVCtrl.m in Sources */,
				05EFBBFD225A4509003F58A4 /* ZBPlayerRow.m in Sources */,
				05B55880202856E1005F7A20 /* MASViewConstraint.m in Sources */,
				0522D8341ED587CE00D4671F /* main.m in Sources */,
				053B533222599D2D00AA82C6 /* ZBPlayer.m in Sources */,
				05BCD48720577FF500068210 /* OutlineWCtrl.m in Sources */,
				05B55885202AF66D005F7A20 /* BSTableRowView.m in Sources */,
				05BCD48C2058FE5400068210 /* OutlineTableRowView.m in Sources */,
				05F55C6822661BEB003F4CE5 /* ZBPlayerSplitView.m in Sources */,
				05B5587B202856E1005F7A20 /* MASConstraintMaker.m in Sources */,
				057CA2B7226CA3280004688B /* ZBSliderViewController.m in Sources */,
				05B5587C202856E1005F7A20 /* MASLayoutConstraint.m in Sources */,
				05BCD499205BAA5200068210 /* OutlineIndexModel.m in Sources */,
				05B55888202AF7A1005F7A20 /* BSTableCellView.m in Sources */,
				05B5587E202856E1005F7A20 /* View+MASAdditions.m in Sources */,
				05B5587A202856E1005F7A20 /* MASCompositeConstraint.m in Sources */,
				0522D8311ED587CE00D4671F /* AppDelegate.m in Sources */,
				05B55879202856E1005F7A20 /* ViewController+MASAdditions.m in Sources */,
				05EFBBFA225A44E5003F58A4 /* ZBPlayerSection.m in Sources */,
				052954E41EEA7956005FDDCD /* PopoverViewController.m in Sources */,
				05C720721EE6A9270076DC50 /* MainWCtrl.m in Sources */,
				05BCD48F2059237000068210 /* TreeNodeModel.m in Sources */,
				050EC960226A25E30042CC6A /* ISSoundAdditions.m in Sources */,
			);
			runOnlyForDeploymentPostprocessing = 0;
		};
/* End PBXSourcesBuildPhase section */

/* Begin XCBuildConfiguration section */
		0522D83E1ED587CF00D4671F /* Debug */ = {
			isa = XCBuildConfiguration;
			buildSettings = {
				ALWAYS_SEARCH_USER_PATHS = NO;
				CLANG_ANALYZER_NONNULL = YES;
				CLANG_ANALYZER_NUMBER_OBJECT_CONVERSION = YES_AGGRESSIVE;
				CLANG_CXX_LANGUAGE_STANDARD = "gnu++0x";
				CLANG_CXX_LIBRARY = "libc++";
				CLANG_ENABLE_MODULES = YES;
				CLANG_ENABLE_OBJC_ARC = YES;
				CLANG_WARN_BOOL_CONVERSION = YES;
				CLANG_WARN_CONSTANT_CONVERSION = YES;
				CLANG_WARN_DIRECT_OBJC_ISA_USAGE = YES_ERROR;
				CLANG_WARN_DOCUMENTATION_COMMENTS = YES;
				CLANG_WARN_EMPTY_BODY = YES;
				CLANG_WARN_ENUM_CONVERSION = YES;
				CLANG_WARN_INFINITE_RECURSION = YES;
				CLANG_WARN_INT_CONVERSION = YES;
				CLANG_WARN_OBJC_ROOT_CLASS = YES_ERROR;
				CLANG_WARN_SUSPICIOUS_MOVE = YES;
				CLANG_WARN_UNREACHABLE_CODE = YES;
				CLANG_WARN__DUPLICATE_METHOD_MATCH = YES;
				CODE_SIGN_IDENTITY = "";
				COPY_PHASE_STRIP = NO;
				DEBUG_INFORMATION_FORMAT = dwarf;
				ENABLE_STRICT_OBJC_MSGSEND = YES;
				ENABLE_TESTABILITY = YES;
				GCC_C_LANGUAGE_STANDARD = gnu99;
				GCC_DYNAMIC_NO_PIC = NO;
				GCC_NO_COMMON_BLOCKS = YES;
				GCC_OPTIMIZATION_LEVEL = 0;
				GCC_PREPROCESSOR_DEFINITIONS = (
					"DEBUG=1",
					"$(inherited)",
				);
				GCC_WARN_64_TO_32_BIT_CONVERSION = YES;
				GCC_WARN_ABOUT_RETURN_TYPE = YES_ERROR;
				GCC_WARN_UNDECLARED_SELECTOR = YES;
				GCC_WARN_UNINITIALIZED_AUTOS = YES_AGGRESSIVE;
				GCC_WARN_UNUSED_FUNCTION = YES;
				GCC_WARN_UNUSED_VARIABLE = YES;
				MACOSX_DEPLOYMENT_TARGET = 10.12;
				MTL_ENABLE_DEBUG_INFO = YES;
				ONLY_ACTIVE_ARCH = YES;
				SDKROOT = macosx;
			};
			name = Debug;
		};
		0522D83F1ED587CF00D4671F /* Release */ = {
			isa = XCBuildConfiguration;
			buildSettings = {
				ALWAYS_SEARCH_USER_PATHS = NO;
				CLANG_ANALYZER_NONNULL = YES;
				CLANG_ANALYZER_NUMBER_OBJECT_CONVERSION = YES_AGGRESSIVE;
				CLANG_CXX_LANGUAGE_STANDARD = "gnu++0x";
				CLANG_CXX_LIBRARY = "libc++";
				CLANG_ENABLE_MODULES = YES;
				CLANG_ENABLE_OBJC_ARC = YES;
				CLANG_WARN_BOOL_CONVERSION = YES;
				CLANG_WARN_CONSTANT_CONVERSION = YES;
				CLANG_WARN_DIRECT_OBJC_ISA_USAGE = YES_ERROR;
				CLANG_WARN_DOCUMENTATION_COMMENTS = YES;
				CLANG_WARN_EMPTY_BODY = YES;
				CLANG_WARN_ENUM_CONVERSION = YES;
				CLANG_WARN_INFINITE_RECURSION = YES;
				CLANG_WARN_INT_CONVERSION = YES;
				CLANG_WARN_OBJC_ROOT_CLASS = YES_ERROR;
				CLANG_WARN_SUSPICIOUS_MOVE = YES;
				CLANG_WARN_UNREACHABLE_CODE = YES;
				CLANG_WARN__DUPLICATE_METHOD_MATCH = YES;
				CODE_SIGN_IDENTITY = "";
				COPY_PHASE_STRIP = NO;
				DEBUG_INFORMATION_FORMAT = "dwarf-with-dsym";
				ENABLE_NS_ASSERTIONS = NO;
				ENABLE_STRICT_OBJC_MSGSEND = YES;
				GCC_C_LANGUAGE_STANDARD = gnu99;
				GCC_NO_COMMON_BLOCKS = YES;
				GCC_WARN_64_TO_32_BIT_CONVERSION = YES;
				GCC_WARN_ABOUT_RETURN_TYPE = YES_ERROR;
				GCC_WARN_UNDECLARED_SELECTOR = YES;
				GCC_WARN_UNINITIALIZED_AUTOS = YES_AGGRESSIVE;
				GCC_WARN_UNUSED_FUNCTION = YES;
				GCC_WARN_UNUSED_VARIABLE = YES;
				MACOSX_DEPLOYMENT_TARGET = 10.12;
				MTL_ENABLE_DEBUG_INFO = NO;
				SDKROOT = macosx;
			};
			name = Release;
		};
		0522D8411ED587CF00D4671F /* Debug */ = {
			isa = XCBuildConfiguration;
			buildSettings = {
				ASSETCATALOG_COMPILER_APPICON_NAME = AppIcon;
				CODE_SIGN_ENTITLEMENTS = OSX/OSX.entitlements;
				COMBINE_HIDPI_IMAGES = YES;
				FRAMEWORK_SEARCH_PATHS = (
					"$(inherited)",
					"$(PROJECT_DIR)/OSX",
				);
				INFOPLIST_FILE = OSX/Info.plist;
				LD_RUNPATH_SEARCH_PATHS = "$(inherited) @executable_path/../Frameworks";
				PRODUCT_BUNDLE_IDENTIFIER = com.LZB.OSX;
				PRODUCT_NAME = "$(TARGET_NAME)";
			};
			name = Debug;
		};
		0522D8421ED587CF00D4671F /* Release */ = {
			isa = XCBuildConfiguration;
			buildSettings = {
				ASSETCATALOG_COMPILER_APPICON_NAME = AppIcon;
				CODE_SIGN_ENTITLEMENTS = OSX/OSX.entitlements;
				COMBINE_HIDPI_IMAGES = YES;
				FRAMEWORK_SEARCH_PATHS = (
					"$(inherited)",
					"$(PROJECT_DIR)/OSX",
				);
				INFOPLIST_FILE = OSX/Info.plist;
				LD_RUNPATH_SEARCH_PATHS = "$(inherited) @executable_path/../Frameworks";
				PRODUCT_BUNDLE_IDENTIFIER = com.LZB.OSX;
				PRODUCT_NAME = "$(TARGET_NAME)";
			};
			name = Release;
		};
/* End XCBuildConfiguration section */

/* Begin XCConfigurationList section */
		0522D8271ED587CE00D4671F /* Build configuration list for PBXProject "OSX" */ = {
			isa = XCConfigurationList;
			buildConfigurations = (
				0522D83E1ED587CF00D4671F /* Debug */,
				0522D83F1ED587CF00D4671F /* Release */,
			);
			defaultConfigurationIsVisible = 0;
			defaultConfigurationName = Release;
		};
		0522D8401ED587CF00D4671F /* Build configuration list for PBXNativeTarget "OSX" */ = {
			isa = XCConfigurationList;
			buildConfigurations = (
				0522D8411ED587CF00D4671F /* Debug */,
				0522D8421ED587CF00D4671F /* Release */,
			);
			defaultConfigurationIsVisible = 0;
			defaultConfigurationName = Release;
		};
/* End XCConfigurationList section */
	};
	rootObject = 0522D8241ED587CE00D4671F /* Project object */;
}
